
Microsoft Visual Studio Solution File, Format Version 12.00
# Visual Studio Version 16
VisualStudioVersion = 16.0.31005.135
MinimumVisualStudioVersion = 10.0.40219.1
Project("{FAE04EC0-301F-11D3-BF4B-00C04F79EFBC}") = "8_PuzzleGame", "8_PuzzleGame\8_PuzzleGame.csproj", "{0E7000B9-7E80-4645-9856-FB09D99B3D2B}"
EndProject
Global
	GlobalSection(SolutionConfigurationPlatforms) = preSolution
		Debug|Any CPU = Debug|Any CPU
		Release|Any CPU = Release|Any CPU
	EndGlobalSection
	GlobalSection(ProjectConfigurationPlatforms) = postSolution
		{0E7000B9-7E80-4645-9856-FB09D99B3D2B}.Debug|Any CPU.ActiveCfg = Debug|Any CPU
		{0E7000B9-7E80-4645-9856-FB09D99B3D2B}.Debug|Any CPU.Build.0 = Debug|Any CPU
		{0E7000B9-7E80-4645-9856-FB09D99B3D2B}.Release|Any CPU.ActiveCfg = Release|Any CPU
		{0E7000B9-7E80-4645-9856-FB09D99B3D2B}.Release|Any CPU.Build.0 = Release|Any CPU
	EndGlobalSection
	GlobalSection(SolutionProperties) = preSolution
		HideSolutionNode = FALSE
	EndGlobalSection
	GlobalSection(ExtensibilityGlobals) = postSolution
		SolutionGuid = {8BF26CA1-2829-4D5B-B221-F484197B045C}
	EndGlobalSection
EndGlobal
